
Microsoft Visual Studio Solution File, Format Version 12.00
# Visual Studio 2013
VisualStudioVersion = 12.0.31101.0
MinimumVisualStudioVersion = 10.0.40219.1
Project("{FAE04EC0-301F-11D3-BF4B-00C04F79EFBC}") = "Jello", "Jello\Jello.csproj", "{C8FBE2DF-2FB2-414A-BEFD-284CC78C7483}"
EndProject
Project("{FAE04EC0-301F-11D3-BF4B-00C04F79EFBC}") = "Jello.Tests", "Jello.Tests\Jello.Tests.csproj", "{B9E472FD-5884-4D80-8EE6-D78741F569DD}"
EndProject
Global
	GlobalSection(SolutionConfigurationPlatforms) = preSolution
		Debug|Any CPU = Debug|Any CPU
		Release|Any CPU = Release|Any CPU
	EndGlobalSection
	GlobalSection(ProjectConfigurationPlatforms) = postSolution
		{C8FBE2DF-2FB2-414A-BEFD-284CC78C7483}.Debug|Any CPU.ActiveCfg = Debug|Any CPU
		{C8FBE2DF-2FB2-414A-BEFD-284CC78C7483}.Debug|Any CPU.Build.0 = Debug|Any CPU
		{C8FBE2DF-2FB2-414A-BEFD-284CC78C7483}.Release|Any CPU.ActiveCfg = Release|Any CPU
		{C8FBE2DF-2FB2-414A-BEFD-284CC78C7483}.Release|Any CPU.Build.0 = Release|Any CPU
		{B9E472FD-5884-4D80-8EE6-D78741F569DD}.Debug|Any CPU.ActiveCfg = Debug|Any CPU
		{B9E472FD-5884-4D80-8EE6-D78741F569DD}.Debug|Any CPU.Build.0 = Debug|Any CPU
		{B9E472FD-5884-4D80-8EE6-D78741F569DD}.Release|Any CPU.ActiveCfg = Release|Any CPU
		{B9E472FD-5884-4D80-8EE6-D78741F569DD}.Release|Any CPU.Build.0 = Release|Any CPU
	EndGlobalSection
	GlobalSection(SolutionProperties) = preSolution
		HideSolutionNode = FALSE
	EndGlobalSection
EndGlobal
